<?xml version="1.0" encoding="utf-8"?>
<Project ToolsVersion="4.0" xmlns="http://schemas.microsoft.com/developer/msbuild/2003">
  <ItemGroup>
    <Filter Include="Platform">
      <UniqueIdentifier>{2AC788B4-1694-E3BF-3FAD-D1672BD9184E}</UniqueIdentifier>
    </Filter>
    <Filter Include="Platform\Windows">
      <UniqueIdentifier>{64FBD71A-50F4-F66C-7926-DCF1657ED678}</UniqueIdentifier>
    </Filter>
    <Filter Include="Tiel">
      <UniqueIdentifier>{73EB8C7C-5F22-8E0D-080F-7410F4240A0F}</UniqueIdentifier>
    </Filter>
    <Filter Include="Tiel\Events">
      <UniqueIdentifier>{F7D77EC2-638D-F7B7-EC81-F18E5836EEBB}</UniqueIdentifier>
    </Filter>
  </ItemGroup>
  <ItemGroup>
    <ClInclude Include="src\Platform\Windows\WindowsWindow.h">
      <Filter>Platform\Windows</Filter>
    </ClInclude>
    <ClInclude Include="src\Tiel.h" />
    <ClInclude Include="src\Tiel\Application.h">
      <Filter>Tiel</Filter>
    </ClInclude>
    <ClInclude Include="src\Tiel\Core.h">
      <Filter>Tiel</Filter>
    </ClInclude>
    <ClInclude Include="src\Tiel\EntryPoint.h">
      <Filter>Tiel</Filter>
    </ClInclude>
    <ClInclude Include="src\Tiel\Events\ApplicationEvent.h">
      <Filter>Tiel\Events</Filter>
    </ClInclude>
    <ClInclude Include="src\Tiel\Events\Event.h">
      <Filter>Tiel\Events</Filter>
    </ClInclude>
    <ClInclude Include="src\Tiel\Events\KeyEvent.h">
      <Filter>Tiel\Events</Filter>
    </ClInclude>
    <ClInclude Include="src\Tiel\Events\MouseEvent.h">
      <Filter>Tiel\Events</Filter>
    </ClInclude>
    <ClInclude Include="src\Tiel\Log.h">
      <Filter>Tiel</Filter>
    </ClInclude>
    <ClInclude Include="src\Tiel\Window.h">
      <Filter>Tiel</Filter>
    </ClInclude>
    <ClInclude Include="src\tpch.h" />
  </ItemGroup>
  <ItemGroup>
    <ClCompile Include="src\Platform\Windows\WindowsWindow.cpp">
      <Filter>Platform\Windows</Filter>
    </ClCompile>
    <ClCompile Include="src\Tiel\Application.cpp">
      <Filter>Tiel</Filter>
    </ClCompile>
    <ClCompile Include="src\Tiel\Log.cpp">
      <Filter>Tiel</Filter>
    </ClCompile>
    <ClCompile Include="src\tpch.cpp" />
  </ItemGroup>
</Project>